
Microsoft Visual Studio Solution File, Format Version 12.00
# Visual Studio Version 16
VisualStudioVersion = 16.0.29911.84
MinimumVisualStudioVersion = 10.0.40219.1
Project("{FAE04EC0-301F-11D3-BF4B-00C04F79EFBC}") = "ZeroToString", "ZeroToString\ZeroToString.csproj", "{E2B496C9-D3FE-4C6E-89B6-ABE3CC50D143}"
EndProject
Global
	GlobalSection(SolutionConfigurationPlatforms) = preSolution
		Debug|Any CPU = Debug|Any CPU
		Release|Any CPU = Release|Any CPU
	EndGlobalSection
	GlobalSection(ProjectConfigurationPlatforms) = postSolution
		{E2B496C9-D3FE-4C6E-89B6-ABE3CC50D143}.Debug|Any CPU.ActiveCfg = Debug|Any CPU
		{E2B496C9-D3FE-4C6E-89B6-ABE3CC50D143}.Debug|Any CPU.Build.0 = Debug|Any CPU
		{E2B496C9-D3FE-4C6E-89B6-ABE3CC50D143}.Release|Any CPU.ActiveCfg = Release|Any CPU
		{E2B496C9-D3FE-4C6E-89B6-ABE3CC50D143}.Release|Any CPU.Build.0 = Release|Any CPU
	EndGlobalSection
	GlobalSection(SolutionProperties) = preSolution
		HideSolutionNode = FALSE
	EndGlobalSection
	GlobalSection(ExtensibilityGlobals) = postSolution
		SolutionGuid = {C38B9626-3EA3-4EE9-BA85-291E64F6D889}
	EndGlobalSection
EndGlobal
